
Microsoft Visual Studio Solution File, Format Version 12.00
# Visual Studio Version 17
VisualStudioVersion = 17.9.34902.65
MinimumVisualStudioVersion = 10.0.40219.1
Project("{FAE04EC0-301F-11D3-BF4B-00C04F79EFBC}") = "MVVMDashboard", "MVVMDashboard\MVVMDashboard.csproj", "{51142F58-7DF0-45E0-B67B-D732FE7898E3}"
EndProject
Global
	GlobalSection(SolutionConfigurationPlatforms) = preSolution
		Debug|Any CPU = Debug|Any CPU
		Release|Any CPU = Release|Any CPU
	EndGlobalSection
	GlobalSection(ProjectConfigurationPlatforms) = postSolution
		{51142F58-7DF0-45E0-B67B-D732FE7898E3}.Debug|Any CPU.ActiveCfg = Debug|Any CPU
		{51142F58-7DF0-45E0-B67B-D732FE7898E3}.Debug|Any CPU.Build.0 = Debug|Any CPU
		{51142F58-7DF0-45E0-B67B-D732FE7898E3}.Release|Any CPU.ActiveCfg = Release|Any CPU
		{51142F58-7DF0-45E0-B67B-D732FE7898E3}.Release|Any CPU.Build.0 = Release|Any CPU
	EndGlobalSection
	GlobalSection(SolutionProperties) = preSolution
		HideSolutionNode = FALSE
	EndGlobalSection
	GlobalSection(ExtensibilityGlobals) = postSolution
		SolutionGuid = {4D15954F-3DDC-4688-A365-D7FF5F171550}
	EndGlobalSection
EndGlobal
